Microsoft Visual Studio Solution File, Format Version 12.00
# Visual Studio 2013
VisualStudioVersion = 12.0.40629.0
MinimumVisualStudioVersion = 10.0.40219.1
Project("{8BC9CEB8-8B4A-11D0-8D11-00A0C91BC942}") = "dfa", "dfa.vcxproj", "{FB701079-9DAF-42AD-AD2E-17D12CD07A20}"
EndProject
Global
	GlobalSection(SolutionConfigurationPlatforms) = preSolution
		Debug|Win32 = Debug|Win32
		Release wDebug|Win32 = Release wDebug|Win32
		Release|Win32 = Release|Win32
	EndGlobalSection
	GlobalSection(ProjectConfigurationPlatforms) = postSolution
		{FB701079-9DAF-42AD-AD2E-17D12CD07A20}.Debug|Win32.ActiveCfg = Debug|Win32
		{FB701079-9DAF-42AD-AD2E-17D12CD07A20}.Debug|Win32.Build.0 = Debug|Win32
		{FB701079-9DAF-42AD-AD2E-17D12CD07A20}.Release wDebug|Win32.ActiveCfg = Release wDebug|Win32
		{FB701079-9DAF-42AD-AD2E-17D12CD07A20}.Release wDebug|Win32.Build.0 = Release wDebug|Win32
		{FB701079-9DAF-42AD-AD2E-17D12CD07A20}.Release|Win32.ActiveCfg = Release|Win32
		{FB701079-9DAF-42AD-AD2E-17D12CD07A20}.Release|Win32.Build.0 = Release|Win32
	EndGlobalSection
	GlobalSection(SolutionProperties) = preSolution
		HideSolutionNode = FALSE
	EndGlobalSection
EndGlobal
