<?xml version="1.0" encoding="utf-8"?>
<Project ToolsVersion="4.0" xmlns="http://schemas.microsoft.com/developer/msbuild/2003">
  <ItemGroup>
    <Filter Include="Source Files">
      <UniqueIdentifier>{4026778d-7c1a-44c1-9e93-a8596db4a9e3}</UniqueIdentifier>
      <Extensions>cpp;c;cxx;def;odl;idl;hpj;bat;asm</Extensions>
    </Filter>
    <Filter Include="Header Files">
      <UniqueIdentifier>{680549aa-41ba-4b27-a03c-7d2f0bd979c8}</UniqueIdentifier>
      <Extensions>h;hpp;hxx;hm;inl;inc</Extensions>
    </Filter>
    <Filter Include="Resource Files">
      <UniqueIdentifier>{86ebd8dc-a37e-4227-89cd-d992d37af5e9}</UniqueIdentifier>
      <Extensions>rc;ico;cur;bmp;dlg;rc2;rct;bin;rgs;gif;jpg;jpeg;jpe</Extensions>
    </Filter>
  </ItemGroup>
  <ItemGroup>
    <None Include="append_exe.bat">
      <Filter>Source Files</Filter>
    </None>
    <None Include="compressed.zip" />
    <None Include="VTune\dfa.vpj" />
    <None Include="grammar.hlp" />
    <None Include="usage.hlp" />
  </ItemGroup>
  <ItemGroup>
    <ClCompile Include="charset.cpp">
      <Filter>Source Files</Filter>
    </ClCompile>
    <ClCompile Include="cmdline_grammar.cpp">
      <Filter>Source Files</Filter>
    </ClCompile>
    <ClCompile Include="compressed.cpp">
      <Filter>Source Files</Filter>
    </ClCompile>
    <ClCompile Include="dfa.cpp">
      <Filter>Source Files</Filter>
    </ClCompile>
    <ClCompile Include="lalr.cpp">
      <Filter>Source Files</Filter>
    </ClCompile>
    <ClCompile Include="loadfile.cpp">
      <Filter>Source Files</Filter>
    </ClCompile>
    <ClCompile Include="main.cpp">
      <Filter>Source Files</Filter>
    </ClCompile>
    <ClCompile Include="nfa.cpp">
      <Filter>Source Files</Filter>
    </ClCompile>
    <ClCompile Include="parse_cmdline.cpp">
      <Filter>Source Files</Filter>
    </ClCompile>
    <ClCompile Include="parser.c">
      <Filter>Source Files</Filter>
    </ClCompile>
    <ClCompile Include="partition.cpp">
      <Filter>Source Files</Filter>
    </ClCompile>
    <ClCompile Include="regex.c">
      <Filter>Source Files</Filter>
    </ClCompile>
    <ClCompile Include="rules.cpp">
      <Filter>Source Files</Filter>
    </ClCompile>
    <ClCompile Include="states.cpp">
      <Filter>Source Files</Filter>
    </ClCompile>
    <ClCompile Include="symbols.cpp">
      <Filter>Source Files</Filter>
    </ClCompile>
  </ItemGroup>
  <ItemGroup>
    <ClInclude Include="bpecomp.h">
      <Filter>Header Files</Filter>
    </ClInclude>
    <ClInclude Include="cmdline_grammar.h">
      <Filter>Header Files</Filter>
    </ClInclude>
    <ClInclude Include="containers.h">
      <Filter>Header Files</Filter>
    </ClInclude>
    <ClInclude Include="parser.h">
      <Filter>Header Files</Filter>
    </ClInclude>
    <ClInclude Include="pgen.h">
      <Filter>Header Files</Filter>
    </ClInclude>
    <ClInclude Include="pgen_grammar.h">
      <Filter>Header Files</Filter>
    </ClInclude>
    <ClInclude Include="regex.h">
      <Filter>Header Files</Filter>
    </ClInclude>
    <ClInclude Include="version.h">
      <Filter>Header Files</Filter>
    </ClInclude>
  </ItemGroup>
  <ItemGroup>
    <Text Include="cmdline_grammar.txt" />
    <Text Include="pgen_grammar.txt" />
    <Text Include="prec_grammar.txt" />
    <Text Include="todo.txt" />
  </ItemGroup>
</Project>